
Microsoft Visual Studio Solution File, Format Version 12.00
# Visual Studio 14
VisualStudioVersion = 14.0.25420.1
MinimumVisualStudioVersion = 10.0.40219.1
Project("{FAE04EC0-301F-11D3-BF4B-00C04F79EFBC}") = "UI", "UI\UI.csproj", "{BC981C89-EB54-41FD-BCE7-7E2D7ED30661}"
EndProject
Project("{FAE04EC0-301F-11D3-BF4B-00C04F79EFBC}") = "BUS", "BUS\BUS.csproj", "{044795AE-B227-49EF-BC1A-6C0B4C51EDF4}"
EndProject
Project("{FAE04EC0-301F-11D3-BF4B-00C04F79EFBC}") = "DAO", "DAO\DAO.csproj", "{71EA5CE5-085C-42C3-9DD8-A7003F4AFF9B}"
EndProject
Project("{FAE04EC0-301F-11D3-BF4B-00C04F79EFBC}") = "DTO", "DTO\DTO.csproj", "{BC556D90-3F6D-4146-83E6-3632BE69CBA4}"
EndProject
Global
	GlobalSection(SolutionConfigurationPlatforms) = preSolution
		Debug|Any CPU = Debug|Any CPU
		Release|Any CPU = Release|Any CPU
	EndGlobalSection
	GlobalSection(ProjectConfigurationPlatforms) = postSolution
		{BC981C89-EB54-41FD-BCE7-7E2D7ED30661}.Debug|Any CPU.ActiveCfg = Debug|Any CPU
		{BC981C89-EB54-41FD-BCE7-7E2D7ED30661}.Debug|Any CPU.Build.0 = Debug|Any CPU
		{BC981C89-EB54-41FD-BCE7-7E2D7ED30661}.Release|Any CPU.ActiveCfg = Release|Any CPU
		{BC981C89-EB54-41FD-BCE7-7E2D7ED30661}.Release|Any CPU.Build.0 = Release|Any CPU
		{044795AE-B227-49EF-BC1A-6C0B4C51EDF4}.Debug|Any CPU.ActiveCfg = Debug|Any CPU
		{044795AE-B227-49EF-BC1A-6C0B4C51EDF4}.Debug|Any CPU.Build.0 = Debug|Any CPU
		{044795AE-B227-49EF-BC1A-6C0B4C51EDF4}.Release|Any CPU.ActiveCfg = Release|Any CPU
		{044795AE-B227-49EF-BC1A-6C0B4C51EDF4}.Release|Any CPU.Build.0 = Release|Any CPU
		{71EA5CE5-085C-42C3-9DD8-A7003F4AFF9B}.Debug|Any CPU.ActiveCfg = Debug|Any CPU
		{71EA5CE5-085C-42C3-9DD8-A7003F4AFF9B}.Debug|Any CPU.Build.0 = Debug|Any CPU
		{71EA5CE5-085C-42C3-9DD8-A7003F4AFF9B}.Release|Any CPU.ActiveCfg = Release|Any CPU
		{71EA5CE5-085C-42C3-9DD8-A7003F4AFF9B}.Release|Any CPU.Build.0 = Release|Any CPU
		{BC556D90-3F6D-4146-83E6-3632BE69CBA4}.Debug|Any CPU.ActiveCfg = Debug|Any CPU
		{BC556D90-3F6D-4146-83E6-3632BE69CBA4}.Debug|Any CPU.Build.0 = Debug|Any CPU
		{BC556D90-3F6D-4146-83E6-3632BE69CBA4}.Release|Any CPU.ActiveCfg = Release|Any CPU
		{BC556D90-3F6D-4146-83E6-3632BE69CBA4}.Release|Any CPU.Build.0 = Release|Any CPU
	EndGlobalSection
	GlobalSection(SolutionProperties) = preSolution
		HideSolutionNode = FALSE
	EndGlobalSection
EndGlobal
